
Microsoft Visual Studio Solution File, Format Version 12.00
# Visual Studio 15
VisualStudioVersion = 15.0.28307.1022
MinimumVisualStudioVersion = 10.0.40219.1
Project("{FAE04EC0-301F-11D3-BF4B-00C04F79EFBC}") = "SD_Converter", "SD_Converter\SD_Converter.csproj", "{9D4322E8-04A2-41A5-9A83-E422DDDDBCA4}"
EndProject
Global
	GlobalSection(SolutionConfigurationPlatforms) = preSolution
		Debug|Any CPU = Debug|Any CPU
		Release|Any CPU = Release|Any CPU
	EndGlobalSection
	GlobalSection(ProjectConfigurationPlatforms) = postSolution
		{9D4322E8-04A2-41A5-9A83-E422DDDDBCA4}.Debug|Any CPU.ActiveCfg = Debug|Any CPU
		{9D4322E8-04A2-41A5-9A83-E422DDDDBCA4}.Debug|Any CPU.Build.0 = Debug|Any CPU
		{9D4322E8-04A2-41A5-9A83-E422DDDDBCA4}.Release|Any CPU.ActiveCfg = Release|Any CPU
		{9D4322E8-04A2-41A5-9A83-E422DDDDBCA4}.Release|Any CPU.Build.0 = Release|Any CPU
	EndGlobalSection
	GlobalSection(SolutionProperties) = preSolution
		HideSolutionNode = FALSE
	EndGlobalSection
	GlobalSection(ExtensibilityGlobals) = postSolution
		SolutionGuid = {EE27E01E-3703-4E75-A107-61D5E7976033}
	EndGlobalSection
EndGlobal
